
Microsoft Visual Studio Solution File, Format Version 12.00
# Visual Studio 15
VisualStudioVersion = 15.0.28307.1340
MinimumVisualStudioVersion = 10.0.40219.1
Project("{8BC9CEB8-8B4A-11D0-8D11-00A0C91BC942}") = "Project_solution", "Project_solution.vcxproj", "{4B951860-143A-4D43-9688-629E81BA7CD2}"
EndProject
Global
	GlobalSection(SolutionConfigurationPlatforms) = preSolution
		Debug|x64 = Debug|x64
		Release|x64 = Release|x64
	EndGlobalSection
	GlobalSection(ProjectConfigurationPlatforms) = postSolution
		{4B951860-143A-4D43-9688-629E81BA7CD2}.Debug|x64.ActiveCfg = Debug|x64
		{4B951860-143A-4D43-9688-629E81BA7CD2}.Debug|x64.Build.0 = Debug|x64
		{4B951860-143A-4D43-9688-629E81BA7CD2}.Release|x64.ActiveCfg = Release|x64
		{4B951860-143A-4D43-9688-629E81BA7CD2}.Release|x64.Build.0 = Release|x64
	EndGlobalSection
	GlobalSection(SolutionProperties) = preSolution
		HideSolutionNode = FALSE
	EndGlobalSection
	GlobalSection(ExtensibilityGlobals) = postSolution
		SolutionGuid = {737CE605-04F3-45F4-919A-7F3E9370D563}
	EndGlobalSection
EndGlobal
